{
  "version": 4,
  "terraform_version": "1.1.1",
  "serial": 1,
  "lineage": "21feb340-cd25-e895-72d1-b3218ec981d6",
  "outputs": {},
  "resources": [
    {
      "module": "module.my-repository",
      "mode": "managed",
      "type": "google_artifact_registry_repository",
      "name": "my-repo",
      "provider": "provider[\"registry.terraform.io/hashicorp/google\"]",
      "instances": [
        {
          "schema_version": 0,
          "attributes": {
            "create_time": "2023-02-27T23:39:05.285523Z",
            "description": "Created by terraform",
            "format": "DOCKER",
            "id": "projects/annular-welder-377100/locations/us-central1/repositories/my-repo",
            "kms_key_name": "",
            "labels": null,
            "location": "us-central1",
            "maven_config": [],
            "name": "my-repo",
            "project": "annular-welder-377100",
            "repository_id": "my-repo",
            "timeouts": null,
            "update_time": "2023-02-27T23:39:05.285523Z"
          },
          "sensitive_attributes": [],
          "private": "eyJlMmJmYjczMC1lY2FhLTExZTYtOGY4OC0zNDM2M2JjN2M0YzAiOnsiY3JlYXRlIjoxMjAwMDAwMDAwMDAwLCJkZWxldGUiOjEyMDAwMDAwMDAwMDAsInVwZGF0ZSI6MTIwMDAwMDAwMDAwMH19"
        }
      ]
    }
  ]
}
